
Microsoft Visual Studio Solution File, Format Version 12.00
# Visual Studio 2013
VisualStudioVersion = 12.0.21005.1
MinimumVisualStudioVersion = 10.0.40219.1
Project("{FAE04EC0-301F-11D3-BF4B-00C04F79EFBC}") = "Controller", "Controller\Controller.csproj", "{1E80C6B2-A2C6-4953-8DEF-904BBB36D5F9}"
EndProject
Project("{FAE04EC0-301F-11D3-BF4B-00C04F79EFBC}") = "Tools", "Tools\Tools.csproj", "{6819DA1B-AAED-4B1A-956D-C3D7715DABC6}"
EndProject
Global
	GlobalSection(SolutionConfigurationPlatforms) = preSolution
		Debug|Any CPU = Debug|Any CPU
		Release|Any CPU = Release|Any CPU
	EndGlobalSection
	GlobalSection(ProjectConfigurationPlatforms) = postSolution
		{1E80C6B2-A2C6-4953-8DEF-904BBB36D5F9}.Debug|Any CPU.ActiveCfg = Debug|Any CPU
		{1E80C6B2-A2C6-4953-8DEF-904BBB36D5F9}.Debug|Any CPU.Build.0 = Debug|Any CPU
		{1E80C6B2-A2C6-4953-8DEF-904BBB36D5F9}.Release|Any CPU.ActiveCfg = Release|Any CPU
		{1E80C6B2-A2C6-4953-8DEF-904BBB36D5F9}.Release|Any CPU.Build.0 = Release|Any CPU
		{6819DA1B-AAED-4B1A-956D-C3D7715DABC6}.Debug|Any CPU.ActiveCfg = Debug|Any CPU
		{6819DA1B-AAED-4B1A-956D-C3D7715DABC6}.Debug|Any CPU.Build.0 = Debug|Any CPU
		{6819DA1B-AAED-4B1A-956D-C3D7715DABC6}.Release|Any CPU.ActiveCfg = Release|Any CPU
		{6819DA1B-AAED-4B1A-956D-C3D7715DABC6}.Release|Any CPU.Build.0 = Release|Any CPU
	EndGlobalSection
	GlobalSection(SolutionProperties) = preSolution
		HideSolutionNode = FALSE
	EndGlobalSection
EndGlobal
